
Microsoft Visual Studio Solution File, Format Version 12.00
# Visual Studio 15
VisualStudioVersion = 15.0.26730.16
MinimumVisualStudioVersion = 10.0.40219.1
Project("{FAE04EC0-301F-11D3-BF4B-00C04F79EFBC}") = "Buoi1", "Buoi1\Buoi1.csproj", "{C98277B4-9CD6-4944-8C13-7D9338803009}"
EndProject
Global
	GlobalSection(SolutionConfigurationPlatforms) = preSolution
		Debug|Any CPU = Debug|Any CPU
		Release|Any CPU = Release|Any CPU
	EndGlobalSection
	GlobalSection(ProjectConfigurationPlatforms) = postSolution
		{C98277B4-9CD6-4944-8C13-7D9338803009}.Debug|Any CPU.ActiveCfg = Debug|Any CPU
		{C98277B4-9CD6-4944-8C13-7D9338803009}.Debug|Any CPU.Build.0 = Debug|Any CPU
		{C98277B4-9CD6-4944-8C13-7D9338803009}.Release|Any CPU.ActiveCfg = Release|Any CPU
		{C98277B4-9CD6-4944-8C13-7D9338803009}.Release|Any CPU.Build.0 = Release|Any CPU
	EndGlobalSection
	GlobalSection(SolutionProperties) = preSolution
		HideSolutionNode = FALSE
	EndGlobalSection
	GlobalSection(ExtensibilityGlobals) = postSolution
		SolutionGuid = {B8D6B611-EDC2-4F99-8B3E-0DF82C049FE2}
	EndGlobalSection
EndGlobal
